// !$*UTF8*$!
{
	archiveVersion = 1;
	classes = {
	};
	objectVersion = 46;
	objects = {

/* Begin PBXBuildFile section */
		18032B251A75BBDC0021E6AD /* ModeTableViewCell.swift in Sources */ = {isa = PBXBuildFile; fileRef = 18032B241A75BBDC0021E6AD /* ModeTableViewCell.swift */; };
		18032B311A75EB000021E6AD /* EnglishWord.swift in Sources */ = {isa = PBXBuildFile; fileRef = 18032B301A75EB000021E6AD /* EnglishWord.swift */; };
		18032B331A75EB000021E6AD /* Word.swift in Sources */ = {isa = PBXBuildFile; fileRef = 18032B321A75EB000021E6AD /* Word.swift */; };
		1806BDA51A3D4CFA00774709 /* LanguageSettingViewController.swift in Sources */ = {isa = PBXBuildFile; fileRef = 1806BDA41A3D4CFA00774709 /* LanguageSettingViewController.swift */; };
		18384E4A1A58F49D006DA713 /* Defaults.plist in Resources */ = {isa = PBXBuildFile; fileRef = 18384E491A58F49D006DA713 /* Defaults.plist */; };
		18384E4C1A590079006DA713 /* EasyWords.strings in Resources */ = {isa = PBXBuildFile; fileRef = 18384E4B1A590079006DA713 /* EasyWords.strings */; };
		18384E4E1A59017A006DA713 /* MediumWords.strings in Resources */ = {isa = PBXBuildFile; fileRef = 18384E4D1A59017A006DA713 /* MediumWords.strings */; };
		18384E501A59018C006DA713 /* HardWords.strings in Resources */ = {isa = PBXBuildFile; fileRef = 18384E4F1A59018C006DA713 /* HardWords.strings */; };
		183A41031A8A12E700619D1D /* LanguageGame.swift in Sources */ = {isa = PBXBuildFile; fileRef = 183A41021A8A12E700619D1D /* LanguageGame.swift */; };
		184656561A57822D0095442D /* AboutViewController.swift in Sources */ = {isa = PBXBuildFile; fileRef = 184656551A57822D0095442D /* AboutViewController.swift */; };
		185182A81A7358B000DA20FC /* Languages.plist in Resources */ = {isa = PBXBuildFile; fileRef = 185182A71A7358B000DA20FC /* Languages.plist */; };
		185182AA1A735A9500DA20FC /* WikipediaGrammarURL.strings in Resources */ = {isa = PBXBuildFile; fileRef = 185182A91A735A9500DA20FC /* WikipediaGrammarURL.strings */; };
		185541F21A552B45002C3D15 /* GameButton.swift in Sources */ = {isa = PBXBuildFile; fileRef = 185541F11A552B45002C3D15 /* GameButton.swift */; };
		1869787B1A61FC9D00A496D0 /* GrammarViewController.swift in Sources */ = {isa = PBXBuildFile; fileRef = 1869787A1A61FC9D00A496D0 /* GrammarViewController.swift */; };
		186D02BE1A75B77500A960D8 /* Language.swift in Sources */ = {isa = PBXBuildFile; fileRef = 186D02BD1A75B77500A960D8 /* Language.swift */; };
		186DFC861A7377810014619F /* Main.storyboard in Resources */ = {isa = PBXBuildFile; fileRef = 186DFC851A7377810014619F /* Main.storyboard */; };
		188562BE1A7DBA5A008884B2 /* switchTableViewCell.swift in Sources */ = {isa = PBXBuildFile; fileRef = 188562BD1A7DBA5A008884B2 /* switchTableViewCell.swift */; };
		18867F011A7610C6005F8AD7 /* Alphabet.plist in Resources */ = {isa = PBXBuildFile; fileRef = 18867F001A7610C6005F8AD7 /* Alphabet.plist */; };
		18867F031A761F31005F8AD7 /* WikipediaOrthography.strings in Resources */ = {isa = PBXBuildFile; fileRef = 18867F021A761F31005F8AD7 /* WikipediaOrthography.strings */; };
		18867F051A762031005F8AD7 /* Alphabet.swift in Sources */ = {isa = PBXBuildFile; fileRef = 18867F041A762031005F8AD7 /* Alphabet.swift */; };
		188B2C391A73888A00758929 /* IETFLanguageCode.strings in Resources */ = {isa = PBXBuildFile; fileRef = 188B2C381A73888A00758929 /* IETFLanguageCode.strings */; };
		1899796B1A62265700A758ED /* SwitchWithTitle.swift in Sources */ = {isa = PBXBuildFile; fileRef = 1899796A1A62265700A758ED /* SwitchWithTitle.swift */; };
		18AC1C091A6FD66E00987D5F /* Words.plist in Resources */ = {isa = PBXBuildFile; fileRef = 18AC1C081A6FD66E00987D5F /* Words.plist */; };
		18BD536E1A33053300742D7F /* AppDelegate.swift in Sources */ = {isa = PBXBuildFile; fileRef = 18BD536D1A33053300742D7F /* AppDelegate.swift */; };
		18BD53701A33053300742D7F /* GameViewController.swift in Sources */ = {isa = PBXBuildFile; fileRef = 18BD536F1A33053300742D7F /* GameViewController.swift */; };
		18BD53751A33053300742D7F /* Images.xcassets in Resources */ = {isa = PBXBuildFile; fileRef = 18BD53741A33053300742D7F /* Images.xcassets */; };
		18BD53841A33053400742D7F /* Language_AppTests.swift in Sources */ = {isa = PBXBuildFile; fileRef = 18BD53831A33053400742D7F /* Language_AppTests.swift */; };
		18BDCE631A33F6B300C08890 /* MenuViewController.swift in Sources */ = {isa = PBXBuildFile; fileRef = 18BDCE621A33F6B300C08890 /* MenuViewController.swift */; };
		18BDCE651A3410C500C08890 /* SettingsViewController.swift in Sources */ = {isa = PBXBuildFile; fileRef = 18BDCE641A3410C500C08890 /* SettingsViewController.swift */; };
		18C0F1F71A456225007BEE49 /* StatisticsViewController.swift in Sources */ = {isa = PBXBuildFile; fileRef = 18C0F1F61A456225007BEE49 /* StatisticsViewController.swift */; };
		18C0F1FF1A459ED7007BEE49 /* Localizable.strings in Resources */ = {isa = PBXBuildFile; fileRef = 18C0F2011A459ED7007BEE49 /* Localizable.strings */; };
		18C1F9491A4E3CA500531C44 /* Model.xcdatamodeld in Sources */ = {isa = PBXBuildFile; fileRef = 18C1F9471A4E3CA500531C44 /* Model.xcdatamodeld */; };
		18C330211A35CF460027A312 /* ModesViewController.swift in Sources */ = {isa = PBXBuildFile; fileRef = 18C330201A35CF460027A312 /* ModesViewController.swift */; };
		18C38EC31A39A8BC00AC5860 /* SecretStoryboard.storyboard in Resources */ = {isa = PBXBuildFile; fileRef = 18C38EC21A39A8BC00AC5860 /* SecretStoryboard.storyboard */; };
/* End PBXBuildFile section */

/* Begin PBXContainerItemProxy section */
		18BD537E1A33053400742D7F /* PBXContainerItemProxy */ = {
			isa = PBXContainerItemProxy;
			containerPortal = 18BD53601A33053300742D7F /* Project object */;
			proxyType = 1;
			remoteGlobalIDString = 18BD53671A33053300742D7F;
			remoteInfo = "Language App";
		};
/* End PBXContainerItemProxy section */

/* Begin PBXFileReference section */
		18032B241A75BBDC0021E6AD /* ModeTableViewCell.swift */ = {isa = PBXFileReference; fileEncoding = 4; lastKnownFileType = sourcecode.swift; path = ModeTableViewCell.swift; sourceTree = "<group>"; };
		18032B301A75EB000021E6AD /* EnglishWord.swift */ = {isa = PBXFileReference; fileEncoding = 4; lastKnownFileType = sourcecode.swift; path = EnglishWord.swift; sourceTree = "<group>"; };
		18032B321A75EB000021E6AD /* Word.swift */ = {isa = PBXFileReference; fileEncoding = 4; lastKnownFileType = sourcecode.swift; path = Word.swift; sourceTree = "<group>"; };
		1806BDA41A3D4CFA00774709 /* LanguageSettingViewController.swift */ = {isa = PBXFileReference; fileEncoding = 4; lastKnownFileType = sourcecode.swift; path = LanguageSettingViewController.swift; sourceTree = "<group>"; };
		18384E491A58F49D006DA713 /* Defaults.plist */ = {isa = PBXFileReference; fileEncoding = 4; lastKnownFileType = text.plist.xml; path = Defaults.plist; sourceTree = "<group>"; };
		18384E4B1A590079006DA713 /* EasyWords.strings */ = {isa = PBXFileReference; fileEncoding = 4; lastKnownFileType = text.plist.strings; path = EasyWords.strings; sourceTree = "<group>"; };
		18384E4D1A59017A006DA713 /* MediumWords.strings */ = {isa = PBXFileReference; fileEncoding = 4; lastKnownFileType = text.plist.strings; path = MediumWords.strings; sourceTree = "<group>"; };
		18384E4F1A59018C006DA713 /* HardWords.strings */ = {isa = PBXFileReference; fileEncoding = 4; lastKnownFileType = text.plist.strings; path = HardWords.strings; sourceTree = "<group>"; };
		183A41021A8A12E700619D1D /* LanguageGame.swift */ = {isa = PBXFileReference; fileEncoding = 4; lastKnownFileType = sourcecode.swift; path = LanguageGame.swift; sourceTree = "<group>"; };
		184656551A57822D0095442D /* AboutViewController.swift */ = {isa = PBXFileReference; fileEncoding = 4; lastKnownFileType = sourcecode.swift; path = AboutViewController.swift; sourceTree = "<group>"; };
		185182A71A7358B000DA20FC /* Languages.plist */ = {isa = PBXFileReference; fileEncoding = 4; lastKnownFileType = text.plist.xml; path = Languages.plist; sourceTree = "<group>"; };
		185182A91A735A9500DA20FC /* WikipediaGrammarURL.strings */ = {isa = PBXFileReference; fileEncoding = 4; lastKnownFileType = text.plist.strings; path = WikipediaGrammarURL.strings; sourceTree = "<group>"; };
		185541F11A552B45002C3D15 /* GameButton.swift */ = {isa = PBXFileReference; fileEncoding = 4; lastKnownFileType = sourcecode.swift; path = GameButton.swift; sourceTree = "<group>"; };
		1869787A1A61FC9D00A496D0 /* GrammarViewController.swift */ = {isa = PBXFileReference; fileEncoding = 4; lastKnownFileType = sourcecode.swift; path = GrammarViewController.swift; sourceTree = "<group>"; };
		186D02BD1A75B77500A960D8 /* Language.swift */ = {isa = PBXFileReference; fileEncoding = 4; lastKnownFileType = sourcecode.swift; path = Language.swift; sourceTree = "<group>"; };
		186DFC851A7377810014619F /* Main.storyboard */ = {isa = PBXFileReference; fileEncoding = 4; lastKnownFileType = file.storyboard; path = Main.storyboard; sourceTree = "<group>"; };
		188562BD1A7DBA5A008884B2 /* switchTableViewCell.swift */ = {isa = PBXFileReference; fileEncoding = 4; lastKnownFileType = sourcecode.swift; path = switchTableViewCell.swift; sourceTree = "<group>"; };
		18867F001A7610C6005F8AD7 /* Alphabet.plist */ = {isa = PBXFileReference; fileEncoding = 4; lastKnownFileType = text.plist.xml; path = Alphabet.plist; sourceTree = "<group>"; };
		18867F021A761F31005F8AD7 /* WikipediaOrthography.strings */ = {isa = PBXFileReference; fileEncoding = 4; lastKnownFileType = text.plist.strings; path = WikipediaOrthography.strings; sourceTree = "<group>"; };
		18867F041A762031005F8AD7 /* Alphabet.swift */ = {isa = PBXFileReference; fileEncoding = 4; lastKnownFileType = sourcecode.swift; path = Alphabet.swift; sourceTree = "<group>"; };
		188B2C371A7383CC00758929 /* Model 2.xcdatamodel */ = {isa = PBXFileReference; lastKnownFileType = wrapper.xcdatamodel; path = "Model 2.xcdatamodel"; sourceTree = "<group>"; };
		188B2C381A73888A00758929 /* IETFLanguageCode.strings */ = {isa = PBXFileReference; fileEncoding = 4; lastKnownFileType = text.plist.strings; path = IETFLanguageCode.strings; sourceTree = "<group>"; };
		188CA6061A77C21F009EB2D8 /* Model 3.xcdatamodel */ = {isa = PBXFileReference; lastKnownFileType = wrapper.xcdatamodel; path = "Model 3.xcdatamodel"; sourceTree = "<group>"; };
		1899796A1A62265700A758ED /* SwitchWithTitle.swift */ = {isa = PBXFileReference; fileEncoding = 4; lastKnownFileType = sourcecode.swift; path = SwitchWithTitle.swift; sourceTree = "<group>"; };
		18AC1C081A6FD66E00987D5F /* Words.plist */ = {isa = PBXFileReference; fileEncoding = 4; lastKnownFileType = text.plist.xml; path = Words.plist; sourceTree = "<group>"; };
		18BD53681A33053300742D7F /* Language App.app */ = {isa = PBXFileReference; explicitFileType = wrapper.application; includeInIndex = 0; path = "Language App.app"; sourceTree = BUILT_PRODUCTS_DIR; };
		18BD536D1A33053300742D7F /* AppDelegate.swift */ = {isa = PBXFileReference; lastKnownFileType = sourcecode.swift; path = AppDelegate.swift; sourceTree = "<group>"; };
		18BD536F1A33053300742D7F /* GameViewController.swift */ = {isa = PBXFileReference; lastKnownFileType = sourcecode.swift; path = GameViewController.swift; sourceTree = "<group>"; };
		18BD53741A33053300742D7F /* Images.xcassets */ = {isa = PBXFileReference; lastKnownFileType = folder.assetcatalog; path = Images.xcassets; sourceTree = "<group>"; };
		18BD537D1A33053400742D7F /* Language AppTests.xctest */ = {isa = PBXFileReference; explicitFileType = wrapper.cfbundle; includeInIndex = 0; path = "Language AppTests.xctest"; sourceTree = BUILT_PRODUCTS_DIR; };
		18BD53821A33053400742D7F /* Info.plist */ = {isa = PBXFileReference; lastKnownFileType = text.plist.xml; path = Info.plist; sourceTree = "<group>"; };
		18BD53831A33053400742D7F /* Language_AppTests.swift */ = {isa = PBXFileReference; lastKnownFileType = sourcecode.swift; path = Language_AppTests.swift; sourceTree = "<group>"; };
		18BDCE621A33F6B300C08890 /* MenuViewController.swift */ = {isa = PBXFileReference; fileEncoding = 4; lastKnownFileType = sourcecode.swift; path = MenuViewController.swift; sourceTree = "<group>"; };
		18BDCE641A3410C500C08890 /* SettingsViewController.swift */ = {isa = PBXFileReference; fileEncoding = 4; lastKnownFileType = sourcecode.swift; path = SettingsViewController.swift; sourceTree = "<group>"; };
		18C0F1F61A456225007BEE49 /* StatisticsViewController.swift */ = {isa = PBXFileReference; fileEncoding = 4; lastKnownFileType = sourcecode.swift; path = StatisticsViewController.swift; sourceTree = "<group>"; };
		18C0F1FC1A457192007BEE49 /* en */ = {isa = PBXFileReference; lastKnownFileType = text.plist.xml; name = en; path = en.lproj/Info.plist; sourceTree = "<group>"; };
		18C0F2001A459ED7007BEE49 /* Base */ = {isa = PBXFileReference; lastKnownFileType = text.plist.strings; name = Base; path = Base.lproj/Localizable.strings; sourceTree = "<group>"; };
		18C0F2021A459EE0007BEE49 /* it */ = {isa = PBXFileReference; lastKnownFileType = text.plist.strings; name = it; path = it.lproj/Localizable.strings; sourceTree = "<group>"; };
		18C0F2031A459EE2007BEE49 /* en */ = {isa = PBXFileReference; lastKnownFileType = text.plist.strings; name = en; path = en.lproj/Localizable.strings; sourceTree = "<group>"; };
		18C1F9481A4E3CA500531C44 /* Model.xcdatamodel */ = {isa = PBXFileReference; lastKnownFileType = wrapper.xcdatamodel; path = Model.xcdatamodel; sourceTree = "<group>"; };
		18C330201A35CF460027A312 /* ModesViewController.swift */ = {isa = PBXFileReference; fileEncoding = 4; lastKnownFileType = sourcecode.swift; path = ModesViewController.swift; sourceTree = "<group>"; };
		18C38EC21A39A8BC00AC5860 /* SecretStoryboard.storyboard */ = {isa = PBXFileReference; fileEncoding = 4; lastKnownFileType = file.storyboard; path = SecretStoryboard.storyboard; sourceTree = "<group>"; };
		18FB1F051A77CB8B00180515 /* v0.4 (5) Clinton.Language-App 2015-01-27 21.10.54.483.xcappdata */ = {isa = PBXFileReference; lastKnownFileType = wrapper; name = "v0.4 (5) Clinton.Language-App 2015-01-27 21.10.54.483.xcappdata"; path = "v0.4 (5)/v0.4 (5) Clinton.Language-App 2015-01-27 21.10.54.483.xcappdata"; sourceTree = "<group>"; };
		18FB1F071A77D03300180515 /* v0.4 (5) Clean Data Clinton.Language-App 2015-01-27 21.10.54.483.xcappdata */ = {isa = PBXFileReference; lastKnownFileType = wrapper; name = "v0.4 (5) Clean Data Clinton.Language-App 2015-01-27 21.10.54.483.xcappdata"; path = "v0.4 (5)/Clean Launch/v0.4 (5) Clean Data Clinton.Language-App 2015-01-27 21.10.54.483.xcappdata"; sourceTree = "<group>"; };
/* End PBXFileReference section */

/* Begin PBXFrameworksBuildPhase section */
		18BD53651A33053300742D7F /* Frameworks */ = {
			isa = PBXFrameworksBuildPhase;
			buildActionMask = 2147483647;
			files = (
			);
			runOnlyForDeploymentPostprocessing = 0;
		};
		18BD537A1A33053400742D7F /* Frameworks */ = {
			isa = PBXFrameworksBuildPhase;
			buildActionMask = 2147483647;
			files = (
			);
			runOnlyForDeploymentPostprocessing = 0;
		};
/* End PBXFrameworksBuildPhase section */

/* Begin PBXGroup section */
		1806BD9D1A3CF23E00774709 /* Model */ = {
			isa = PBXGroup;
			children = (
				18C1F9471A4E3CA500531C44 /* Model.xcdatamodeld */,
				183A41011A8A12A800619D1D /* Core Data */,
				18FB1F041A77CAE300180515 /* Test Data */,
				183A41021A8A12E700619D1D /* LanguageGame.swift */,
			);
			name = Model;
			sourceTree = "<group>";
		};
		183A41011A8A12A800619D1D /* Core Data */ = {
			isa = PBXGroup;
			children = (
				18867F041A762031005F8AD7 /* Alphabet.swift */,
				18032B321A75EB000021E6AD /* Word.swift */,
				18032B301A75EB000021E6AD /* EnglishWord.swift */,
				186D02BD1A75B77500A960D8 /* Language.swift */,
			);
			name = "Core Data";
			sourceTree = "<group>";
		};
		185541F31A552B55002C3D15 /* View */ = {
			isa = PBXGroup;
			children = (
				186DFC851A7377810014619F /* Main.storyboard */,
				18C38EC21A39A8BC00AC5860 /* SecretStoryboard.storyboard */,
				185541F11A552B45002C3D15 /* GameButton.swift */,
				1899796A1A62265700A758ED /* SwitchWithTitle.swift */,
				188562BC1A7DBA36008884B2 /* Settings */,
				18032B241A75BBDC0021E6AD /* ModeTableViewCell.swift */,
			);
			name = View;
			sourceTree = "<group>";
		};
		185541F41A552C02002C3D15 /* Controller */ = {
			isa = PBXGroup;
			children = (
				18BD536D1A33053300742D7F /* AppDelegate.swift */,
				18BDCE621A33F6B300C08890 /* MenuViewController.swift */,
				18BD536F1A33053300742D7F /* GameViewController.swift */,
				18C330201A35CF460027A312 /* ModesViewController.swift */,
				1869787A1A61FC9D00A496D0 /* GrammarViewController.swift */,
				18C0F1F61A456225007BEE49 /* StatisticsViewController.swift */,
				18BDCE641A3410C500C08890 /* SettingsViewController.swift */,
				1806BDA41A3D4CFA00774709 /* LanguageSettingViewController.swift */,
				184656551A57822D0095442D /* AboutViewController.swift */,
			);
			name = Controller;
			sourceTree = "<group>";
		};
		188562BC1A7DBA36008884B2 /* Settings */ = {
			isa = PBXGroup;
			children = (
				188562BD1A7DBA5A008884B2 /* switchTableViewCell.swift */,
			);
			name = Settings;
			sourceTree = "<group>";
		};
		18BD535F1A33053300742D7F = {
			isa = PBXGroup;
			children = (
				18BD536A1A33053300742D7F /* Language App */,
				18BD53801A33053400742D7F /* Language AppTests */,
				18BD53691A33053300742D7F /* Products */,
			);
			sourceTree = "<group>";
		};
		18BD53691A33053300742D7F /* Products */ = {
			isa = PBXGroup;
			children = (
				18BD53681A33053300742D7F /* Language App.app */,
				18BD537D1A33053400742D7F /* Language AppTests.xctest */,
			);
			name = Products;
			sourceTree = "<group>";
		};
		18BD536A1A33053300742D7F /* Language App */ = {
			isa = PBXGroup;
			children = (
				1806BD9D1A3CF23E00774709 /* Model */,
				185541F31A552B55002C3D15 /* View */,
				185541F41A552C02002C3D15 /* Controller */,
				18BD536B1A33053300742D7F /* Supporting Files */,
			);
			path = "Language App";
			sourceTree = "<group>";
		};
		18BD536B1A33053300742D7F /* Supporting Files */ = {
			isa = PBXGroup;
			children = (
				18BD53741A33053300742D7F /* Images.xcassets */,
				18C0F1FA1A456E25007BEE49 /* Info.plist */,
				18AC1C081A6FD66E00987D5F /* Words.plist */,
				18867F001A7610C6005F8AD7 /* Alphabet.plist */,
				185182A91A735A9500DA20FC /* WikipediaGrammarURL.strings */,
				18867F021A761F31005F8AD7 /* WikipediaOrthography.strings */,
				188B2C381A73888A00758929 /* IETFLanguageCode.strings */,
				185182A71A7358B000DA20FC /* Languages.plist */,
				18384E491A58F49D006DA713 /* Defaults.plist */,
				18384E4B1A590079006DA713 /* EasyWords.strings */,
				18384E4D1A59017A006DA713 /* MediumWords.strings */,
				18384E4F1A59018C006DA713 /* HardWords.strings */,
				18C0F2011A459ED7007BEE49 /* Localizable.strings */,
			);
			name = "Supporting Files";
			sourceTree = "<group>";
		};
		18BD53801A33053400742D7F /* Language AppTests */ = {
			isa = PBXGroup;
			children = (
				18BD53831A33053400742D7F /* Language_AppTests.swift */,
				18BD53811A33053400742D7F /* Supporting Files */,
			);
			path = "Language AppTests";
			sourceTree = "<group>";
		};
		18BD53811A33053400742D7F /* Supporting Files */ = {
			isa = PBXGroup;
			children = (
				18BD53821A33053400742D7F /* Info.plist */,
			);
			name = "Supporting Files";
			sourceTree = "<group>";
		};
		18FB1F041A77CAE300180515 /* Test Data */ = {
			isa = PBXGroup;
			children = (
				18FB1F071A77D03300180515 /* v0.4 (5) Clean Data Clinton.Language-App 2015-01-27 21.10.54.483.xcappdata */,
				18FB1F051A77CB8B00180515 /* v0.4 (5) Clinton.Language-App 2015-01-27 21.10.54.483.xcappdata */,
			);
			name = "Test Data";
			sourceTree = "<group>";
		};
/* End PBXGroup section */

/* Begin PBXNativeTarget section */
		18BD53671A33053300742D7F /* Language App */ = {
			isa = PBXNativeTarget;
			buildConfigurationList = 18BD53871A33053400742D7F /* Build configuration list for PBXNativeTarget "Language App" */;
			buildPhases = (
				18BD53641A33053300742D7F /* Sources */,
				18BD53651A33053300742D7F /* Frameworks */,
				18BD53661A33053300742D7F /* Resources */,
			);
			buildRules = (
			);
			dependencies = (
			);
			name = "Language App";
			productName = "Language App";
			productReference = 18BD53681A33053300742D7F /* Language App.app */;
			productType = "com.apple.product-type.application";
		};
		18BD537C1A33053400742D7F /* Language AppTests */ = {
			isa = PBXNativeTarget;
			buildConfigurationList = 18BD538A1A33053400742D7F /* Build configuration list for PBXNativeTarget "Language AppTests" */;
			buildPhases = (
				18BD53791A33053400742D7F /* Sources */,
				18BD537A1A33053400742D7F /* Frameworks */,
				18BD537B1A33053400742D7F /* Resources */,
			);
			buildRules = (
			);
			dependencies = (
				18BD537F1A33053400742D7F /* PBXTargetDependency */,
			);
			name = "Language AppTests";
			productName = "Language AppTests";
			productReference = 18BD537D1A33053400742D7F /* Language AppTests.xctest */;
			productType = "com.apple.product-type.bundle.unit-test";
		};
/* End PBXNativeTarget section */

/* Begin PBXProject section */
		18BD53601A33053300742D7F /* Project object */ = {
			isa = PBXProject;
			attributes = {
				LastUpgradeCheck = 0610;
				ORGANIZATIONNAME = "Clinton D'Annolfo";
				TargetAttributes = {
					18BD53671A33053300742D7F = {
						CreatedOnToolsVersion = 6.1;
						DevelopmentTeam = DCX4D9WH5R;
					};
					18BD537C1A33053400742D7F = {
						CreatedOnToolsVersion = 6.1;
						TestTargetID = 18BD53671A33053300742D7F;
					};
				};
			};
			buildConfigurationList = 18BD53631A33053300742D7F /* Build configuration list for PBXProject "Ciao Game" */;
			compatibilityVersion = "Xcode 3.2";
			developmentRegion = English;
			hasScannedForEncodings = 0;
			knownRegions = (
				Base,
				it,
				en,
			);
			mainGroup = 18BD535F1A33053300742D7F;
			productRefGroup = 18BD53691A33053300742D7F /* Products */;
			projectDirPath = "";
			projectRoot = "";
			targets = (
				18BD53671A33053300742D7F /* Language App */,
				18BD537C1A33053400742D7F /* Language AppTests */,
			);
		};
/* End PBXProject section */

/* Begin PBXResourcesBuildPhase section */
		18BD53661A33053300742D7F /* Resources */ = {
			isa = PBXResourcesBuildPhase;
			buildActionMask = 2147483647;
			files = (
				18384E4C1A590079006DA713 /* EasyWords.strings in Resources */,
				185182AA1A735A9500DA20FC /* WikipediaGrammarURL.strings in Resources */,
				18C0F1FF1A459ED7007BEE49 /* Localizable.strings in Resources */,
				188B2C391A73888A00758929 /* IETFLanguageCode.strings in Resources */,
				18384E4A1A58F49D006DA713 /* Defaults.plist in Resources */,
				18867F011A7610C6005F8AD7 /* Alphabet.plist in Resources */,
				18AC1C091A6FD66E00987D5F /* Words.plist in Resources */,
				186DFC861A7377810014619F /* Main.storyboard in Resources */,
				18C38EC31A39A8BC00AC5860 /* SecretStoryboard.storyboard in Resources */,
				185182A81A7358B000DA20FC /* Languages.plist in Resources */,
				18867F031A761F31005F8AD7 /* WikipediaOrthography.strings in Resources */,
				18BD53751A33053300742D7F /* Images.xcassets in Resources */,
				18384E4E1A59017A006DA713 /* MediumWords.strings in Resources */,
				18384E501A59018C006DA713 /* HardWords.strings in Resources */,
			);
			runOnlyForDeploymentPostprocessing = 0;
		};
		18BD537B1A33053400742D7F /* Resources */ = {
			isa = PBXResourcesBuildPhase;
			buildActionMask = 2147483647;
			files = (
			);
			runOnlyForDeploymentPostprocessing = 0;
		};
/* End PBXResourcesBuildPhase section */

/* Begin PBXSourcesBuildPhase section */
		18BD53641A33053300742D7F /* Sources */ = {
			isa = PBXSourcesBuildPhase;
			buildActionMask = 2147483647;
			files = (
				1899796B1A62265700A758ED /* SwitchWithTitle.swift in Sources */,
				18032B331A75EB000021E6AD /* Word.swift in Sources */,
				183A41031A8A12E700619D1D /* LanguageGame.swift in Sources */,
				18BDCE651A3410C500C08890 /* SettingsViewController.swift in Sources */,
				1869787B1A61FC9D00A496D0 /* GrammarViewController.swift in Sources */,
				184656561A57822D0095442D /* AboutViewController.swift in Sources */,
				18032B251A75BBDC0021E6AD /* ModeTableViewCell.swift in Sources */,
				18BD53701A33053300742D7F /* GameViewController.swift in Sources */,
				18867F051A762031005F8AD7 /* Alphabet.swift in Sources */,
				18C0F1F71A456225007BEE49 /* StatisticsViewController.swift in Sources */,
				18BD536E1A33053300742D7F /* AppDelegate.swift in Sources */,
				1806BDA51A3D4CFA00774709 /* LanguageSettingViewController.swift in Sources */,
				18BDCE631A33F6B300C08890 /* MenuViewController.swift in Sources */,
				18032B311A75EB000021E6AD /* EnglishWord.swift in Sources */,
				188562BE1A7DBA5A008884B2 /* switchTableViewCell.swift in Sources */,
				18C330211A35CF460027A312 /* ModesViewController.swift in Sources */,
				186D02BE1A75B77500A960D8 /* Language.swift in Sources */,
				185541F21A552B45002C3D15 /* GameButton.swift in Sources */,
				18C1F9491A4E3CA500531C44 /* Model.xcdatamodeld in Sources */,
			);
			runOnlyForDeploymentPostprocessing = 0;
		};
		18BD53791A33053400742D7F /* Sources */ = {
			isa = PBXSourcesBuildPhase;
			buildActionMask = 2147483647;
			files = (
				18BD53841A33053400742D7F /* Language_AppTests.swift in Sources */,
			);
			runOnlyForDeploymentPostprocessing = 0;
		};
/* End PBXSourcesBuildPhase section */

/* Begin PBXTargetDependency section */
		18BD537F1A33053400742D7F /* PBXTargetDependency */ = {
			isa = PBXTargetDependency;
			target = 18BD53671A33053300742D7F /* Language App */;
			targetProxy = 18BD537E1A33053400742D7F /* PBXContainerItemProxy */;
		};
/* End PBXTargetDependency section */

/* Begin PBXVariantGroup section */
		18C0F1FA1A456E25007BEE49 /* Info.plist */ = {
			isa = PBXVariantGroup;
			children = (
				18C0F1FC1A457192007BEE49 /* en */,
			);
			name = Info.plist;
			sourceTree = "<group>";
		};
		18C0F2011A459ED7007BEE49 /* Localizable.strings */ = {
			isa = PBXVariantGroup;
			children = (
				18C0F2001A459ED7007BEE49 /* Base */,
				18C0F2021A459EE0007BEE49 /* it */,
				18C0F2031A459EE2007BEE49 /* en */,
			);
			name = Localizable.strings;
			path = "Language App";
			sourceTree = SOURCE_ROOT;
		};
/* End PBXVariantGroup section */

/* Begin XCBuildConfiguration section */
		18BD53851A33053400742D7F /* Debug */ = {
			isa = XCBuildConfiguration;
			buildSettings = {
				ALWAYS_SEARCH_USER_PATHS = NO;
				CLANG_CXX_LANGUAGE_STANDARD = "gnu++0x";
				CLANG_CXX_LIBRARY = "libc++";
				CLANG_ENABLE_MODULES = YES;
				CLANG_ENABLE_OBJC_ARC = YES;
				CLANG_WARN_BOOL_CONVERSION = YES;
				CLANG_WARN_CONSTANT_CONVERSION = YES;
				CLANG_WARN_DIRECT_OBJC_ISA_USAGE = YES_ERROR;
				CLANG_WARN_EMPTY_BODY = YES;
				CLANG_WARN_ENUM_CONVERSION = YES;
				CLANG_WARN_INT_CONVERSION = YES;
				CLANG_WARN_OBJC_ROOT_CLASS = YES_ERROR;
				CLANG_WARN_UNREACHABLE_CODE = YES;
				CLANG_WARN__DUPLICATE_METHOD_MATCH = YES;
				"CODE_SIGN_IDENTITY[sdk=iphoneos*]" = "iPhone Developer";
				COPY_PHASE_STRIP = NO;
				ENABLE_STRICT_OBJC_MSGSEND = YES;
				GCC_C_LANGUAGE_STANDARD = gnu99;
				GCC_DYNAMIC_NO_PIC = NO;
				GCC_OPTIMIZATION_LEVEL = 0;
				GCC_PREPROCESSOR_DEFINITIONS = (
					"DEBUG=1",
					"$(inherited)",
				);
				GCC_SYMBOLS_PRIVATE_EXTERN = NO;
				GCC_WARN_64_TO_32_BIT_CONVERSION = YES;
				GCC_WARN_ABOUT_RETURN_TYPE = YES_ERROR;
				GCC_WARN_UNDECLARED_SELECTOR = YES;
				GCC_WARN_UNINITIALIZED_AUTOS = YES_AGGRESSIVE;
				GCC_WARN_UNUSED_FUNCTION = YES;
				GCC_WARN_UNUSED_VARIABLE = YES;
				IPHONEOS_DEPLOYMENT_TARGET = 8.1;
				MTL_ENABLE_DEBUG_INFO = YES;
				ONLY_ACTIVE_ARCH = YES;
				SDKROOT = iphoneos;
				SWIFT_OPTIMIZATION_LEVEL = "-Onone";
				TARGETED_DEVICE_FAMILY = "1,2";
			};
			name = Debug;
		};
		18BD53861A33053400742D7F /* Release */ = {
			isa = XCBuildConfiguration;
			buildSettings = {
				ALWAYS_SEARCH_USER_PATHS = NO;
				CLANG_CXX_LANGUAGE_STANDARD = "gnu++0x";
				CLANG_CXX_LIBRARY = "libc++";
				CLANG_ENABLE_MODULES = YES;
				CLANG_ENABLE_OBJC_ARC = YES;
				CLANG_WARN_BOOL_CONVERSION = YES;
				CLANG_WARN_CONSTANT_CONVERSION = YES;
				CLANG_WARN_DIRECT_OBJC_ISA_USAGE = YES_ERROR;
				CLANG_WARN_EMPTY_BODY = YES;
				CLANG_WARN_ENUM_CONVERSION = YES;
				CLANG_WARN_INT_CONVERSION = YES;
				CLANG_WARN_OBJC_ROOT_CLASS = YES_ERROR;
				CLANG_WARN_UNREACHABLE_CODE = YES;
				CLANG_WARN__DUPLICATE_METHOD_MATCH = YES;
				"CODE_SIGN_IDENTITY[sdk=iphoneos*]" = "iPhone Developer";
				COPY_PHASE_STRIP = YES;
				ENABLE_NS_ASSERTIONS = NO;
				ENABLE_STRICT_OBJC_MSGSEND = YES;
				GCC_C_LANGUAGE_STANDARD = gnu99;
				GCC_WARN_64_TO_32_BIT_CONVERSION = YES;
				GCC_WARN_ABOUT_RETURN_TYPE = YES_ERROR;
				GCC_WARN_UNDECLARED_SELECTOR = YES;
				GCC_WARN_UNINITIALIZED_AUTOS = YES_AGGRESSIVE;
				GCC_WARN_UNUSED_FUNCTION = YES;
				GCC_WARN_UNUSED_VARIABLE = YES;
				IPHONEOS_DEPLOYMENT_TARGET = 8.1;
				MTL_ENABLE_DEBUG_INFO = NO;
				SDKROOT = iphoneos;
				TARGETED_DEVICE_FAMILY = "1,2";
				VALIDATE_PRODUCT = YES;
			};
			name = Release;
		};
		18BD53881A33053400742D7F /* Debug */ = {
			isa = XCBuildConfiguration;
			buildSettings = {
				ASSETCATALOG_COMPILER_APPICON_NAME = AppIcon;
				ASSETCATALOG_COMPILER_LAUNCHIMAGE_NAME = LaunchImage;
				CODE_SIGN_IDENTITY = "iPhone Developer";
				"CODE_SIGN_IDENTITY[sdk=iphoneos*]" = "iPhone Developer";
				EMBEDDED_CONTENT_CONTAINS_SWIFT = YES;
				INFOPLIST_FILE = "Language App/Info.plist";
				IPHONEOS_DEPLOYMENT_TARGET = 8.1;
				LD_RUNPATH_SEARCH_PATHS = "$(inherited) @executable_path/Frameworks";
				PRODUCT_NAME = "$(TARGET_NAME)";
				PROVISIONING_PROFILE = "";
			};
			name = Debug;
		};
		18BD53891A33053400742D7F /* Release */ = {
			isa = XCBuildConfiguration;
			buildSettings = {
				ASSETCATALOG_COMPILER_APPICON_NAME = AppIcon;
				ASSETCATALOG_COMPILER_LAUNCHIMAGE_NAME = LaunchImage;
				CODE_SIGN_IDENTITY = "iPhone Developer";
				"CODE_SIGN_IDENTITY[sdk=iphoneos*]" = "iPhone Developer";
				EMBEDDED_CONTENT_CONTAINS_SWIFT = YES;
				INFOPLIST_FILE = "Language App/Info.plist";
				IPHONEOS_DEPLOYMENT_TARGET = 8.1;
				LD_RUNPATH_SEARCH_PATHS = "$(inherited) @executable_path/Frameworks";
				PRODUCT_NAME = "$(TARGET_NAME)";
				PROVISIONING_PROFILE = "";
			};
			name = Release;
		};
		18BD538B1A33053400742D7F /* Debug */ = {
			isa = XCBuildConfiguration;
			buildSettings = {
				BUNDLE_LOADER = "$(TEST_HOST)";
				FRAMEWORK_SEARCH_PATHS = (
					"$(SDKROOT)/Developer/Library/Frameworks",
					"$(inherited)",
				);
				GCC_PREPROCESSOR_DEFINITIONS = (
					"DEBUG=1",
					"$(inherited)",
				);
				INFOPLIST_FILE = "Language AppTests/Info.plist";
				LD_RUNPATH_SEARCH_PATHS = "$(inherited) @executable_path/Frameworks @loader_path/Frameworks";
				PRODUCT_NAME = "$(TARGET_NAME)";
				TEST_HOST = "$(BUILT_PRODUCTS_DIR)/Language App.app/Language App";
			};
			name = Debug;
		};
		18BD538C1A33053400742D7F /* Release */ = {
			isa = XCBuildConfiguration;
			buildSettings = {
				BUNDLE_LOADER = "$(TEST_HOST)";
				FRAMEWORK_SEARCH_PATHS = (
					"$(SDKROOT)/Developer/Library/Frameworks",
					"$(inherited)",
				);
				INFOPLIST_FILE = "Language AppTests/Info.plist";
				LD_RUNPATH_SEARCH_PATHS = "$(inherited) @executable_path/Frameworks @loader_path/Frameworks";
				PRODUCT_NAME = "$(TARGET_NAME)";
				TEST_HOST = "$(BUILT_PRODUCTS_DIR)/Language App.app/Language App";
			};
			name = Release;
		};
/* End XCBuildConfiguration section */

/* Begin XCConfigurationList section */
		18BD53631A33053300742D7F /* Build configuration list for PBXProject "Ciao Game" */ = {
			isa = XCConfigurationList;
			buildConfigurations = (
				18BD53851A33053400742D7F /* Debug */,
				18BD53861A33053400742D7F /* Release */,
			);
			defaultConfigurationIsVisible = 0;
			defaultConfigurationName = Release;
		};
		18BD53871A33053400742D7F /* Build configuration list for PBXNativeTarget "Language App" */ = {
			isa = XCConfigurationList;
			buildConfigurations = (
				18BD53881A33053400742D7F /* Debug */,
				18BD53891A33053400742D7F /* Release */,
			);
			defaultConfigurationIsVisible = 0;
			defaultConfigurationName = Release;
		};
		18BD538A1A33053400742D7F /* Build configuration list for PBXNativeTarget "Language AppTests" */ = {
			isa = XCConfigurationList;
			buildConfigurations = (
				18BD538B1A33053400742D7F /* Debug */,
				18BD538C1A33053400742D7F /* Release */,
			);
			defaultConfigurationIsVisible = 0;
			defaultConfigurationName = Release;
		};
/* End XCConfigurationList section */

/* Begin XCVersionGroup section */
		18C1F9471A4E3CA500531C44 /* Model.xcdatamodeld */ = {
			isa = XCVersionGroup;
			children = (
				188B2C371A7383CC00758929 /* Model 2.xcdatamodel */,
				188CA6061A77C21F009EB2D8 /* Model 3.xcdatamodel */,
				18C1F9481A4E3CA500531C44 /* Model.xcdatamodel */,
			);
			currentVersion = 188B2C371A7383CC00758929 /* Model 2.xcdatamodel */;
			path = Model.xcdatamodeld;
			sourceTree = "<group>";
			versionGroupType = wrapper.xcdatamodel;
		};
/* End XCVersionGroup section */
	};
	rootObject = 18BD53601A33053300742D7F /* Project object */;
}
